# generated by rye
# use `rye lock` or `rye sync` to update this lockfile
#
# last locked with the following flags:
#   pre: false
#   features: []
#   all-features: false
#   with-sources: false
#   generate-hashes: false
#   universal: false

-e file:.
click==8.1.7
    # via kopia-exporter
prometheus-client==0.20.0
    # via kopia-exporter
pyyaml==6.0.2
    # via kopia-exporter
